
Microsoft Visual Studio Solution File, Format Version 12.00
# Visual Studio 2012
Project("{FAE04EC0-301F-11D3-BF4B-00C04F79EFBC}") = "MoNoLiHome", "MoNoLiHome\MoNoLiHome.csproj", "{6012C759-4C3A-42FE-9A7E-821184645506}"
EndProject
Project("{FAE04EC0-301F-11D3-BF4B-00C04F79EFBC}") = "MoNoLiHome.Network", "MoNoLiHome.Network\MoNoLiHome.Network.csproj", "{698A1A7F-6544-4430-8CD3-F7012A5923CB}"
EndProject
Project("{FAE04EC0-301F-11D3-BF4B-00C04F79EFBC}") = "MoNoLiHome.Model", "MoNoLiHome.Model\MoNoLiHome.Model.csproj", "{F80EDC37-3CF1-46FE-B74B-F3192343DB38}"
EndProject
Project("{2150E333-8FDC-42A3-9474-1A3956D46DE8}") = "Tests", "Tests", "{965F261F-C8A9-472B-8918-4291EFAD047A}"
EndProject
Project("{FAE04EC0-301F-11D3-BF4B-00C04F79EFBC}") = "MoNoLiHome.NetworkTest", "MoNoLiHome.NetworkTest\MoNoLiHome.NetworkTest.csproj", "{67B78680-2612-4533-9089-F3BDA476DDB9}"
EndProject
Project("{FAE04EC0-301F-11D3-BF4B-00C04F79EFBC}") = "MoNoLiHomeTest", "MoNoLiHomeTest\MoNoLiHomeTest.csproj", "{00B53D68-C2BC-4514-B900-DA2C4912AB5D}"
EndProject
Global
	GlobalSection(SolutionConfigurationPlatforms) = preSolution
		Debug|Any CPU = Debug|Any CPU
		Release|Any CPU = Release|Any CPU
	EndGlobalSection
	GlobalSection(ProjectConfigurationPlatforms) = postSolution
		{6012C759-4C3A-42FE-9A7E-821184645506}.Debug|Any CPU.ActiveCfg = Debug|Any CPU
		{6012C759-4C3A-42FE-9A7E-821184645506}.Debug|Any CPU.Build.0 = Debug|Any CPU
		{6012C759-4C3A-42FE-9A7E-821184645506}.Release|Any CPU.ActiveCfg = Release|Any CPU
		{6012C759-4C3A-42FE-9A7E-821184645506}.Release|Any CPU.Build.0 = Release|Any CPU
		{698A1A7F-6544-4430-8CD3-F7012A5923CB}.Debug|Any CPU.ActiveCfg = Debug|Any CPU
		{698A1A7F-6544-4430-8CD3-F7012A5923CB}.Debug|Any CPU.Build.0 = Debug|Any CPU
		{698A1A7F-6544-4430-8CD3-F7012A5923CB}.Release|Any CPU.ActiveCfg = Release|Any CPU
		{698A1A7F-6544-4430-8CD3-F7012A5923CB}.Release|Any CPU.Build.0 = Release|Any CPU
		{F80EDC37-3CF1-46FE-B74B-F3192343DB38}.Debug|Any CPU.ActiveCfg = Debug|Any CPU
		{F80EDC37-3CF1-46FE-B74B-F3192343DB38}.Debug|Any CPU.Build.0 = Debug|Any CPU
		{F80EDC37-3CF1-46FE-B74B-F3192343DB38}.Release|Any CPU.ActiveCfg = Release|Any CPU
		{F80EDC37-3CF1-46FE-B74B-F3192343DB38}.Release|Any CPU.Build.0 = Release|Any CPU
		{67B78680-2612-4533-9089-F3BDA476DDB9}.Debug|Any CPU.ActiveCfg = Debug|Any CPU
		{67B78680-2612-4533-9089-F3BDA476DDB9}.Debug|Any CPU.Build.0 = Debug|Any CPU
		{67B78680-2612-4533-9089-F3BDA476DDB9}.Release|Any CPU.ActiveCfg = Release|Any CPU
		{67B78680-2612-4533-9089-F3BDA476DDB9}.Release|Any CPU.Build.0 = Release|Any CPU
		{00B53D68-C2BC-4514-B900-DA2C4912AB5D}.Debug|Any CPU.ActiveCfg = Debug|Any CPU
		{00B53D68-C2BC-4514-B900-DA2C4912AB5D}.Debug|Any CPU.Build.0 = Debug|Any CPU
		{00B53D68-C2BC-4514-B900-DA2C4912AB5D}.Release|Any CPU.ActiveCfg = Release|Any CPU
		{00B53D68-C2BC-4514-B900-DA2C4912AB5D}.Release|Any CPU.Build.0 = Release|Any CPU
	EndGlobalSection
	GlobalSection(NestedProjects) = preSolution
		{67B78680-2612-4533-9089-F3BDA476DDB9} = {965F261F-C8A9-472B-8918-4291EFAD047A}
		{00B53D68-C2BC-4514-B900-DA2C4912AB5D} = {965F261F-C8A9-472B-8918-4291EFAD047A}
	EndGlobalSection
EndGlobal
